
Microsoft Visual Studio Solution File, Format Version 12.00
# Visual Studio Version 16
VisualStudioVersion = 16.0.29609.76
MinimumVisualStudioVersion = 10.0.40219.1
Project("{FAE04EC0-301F-11D3-BF4B-00C04F79EFBC}") = "Tours_V5", "Tours_V5\Tours_V5.csproj", "{C96F76A1-90C3-4658-93A1-F87D536F93FF}"
	ProjectSection(ProjectDependencies) = postProject
		{A4280B12-6662-4C61-A62D-74DBA5418F85} = {A4280B12-6662-4C61-A62D-74DBA5418F85}
		{7FAE4B19-8BAF-4D4B-B595-326B0E5D7E05} = {7FAE4B19-8BAF-4D4B-B595-326B0E5D7E05}
		{645F892F-94EB-44C0-8359-84E9E3ABD705} = {645F892F-94EB-44C0-8359-84E9E3ABD705}
		{B380D159-679E-465F-B074-ED220D47BE02} = {B380D159-679E-465F-B074-ED220D47BE02}
		{D6D08E79-0C2D-4AF9-9183-924D44981629} = {D6D08E79-0C2D-4AF9-9183-924D44981629}
		{CA988F88-B832-4A04-B795-27CB67C2C396} = {CA988F88-B832-4A04-B795-27CB67C2C396}
	EndProjectSection
EndProject
Project("{FAE04EC0-301F-11D3-BF4B-00C04F79EFBC}") = "ClassLibrary", "ClassLibrary\ClassLibrary.csproj", "{B380D159-679E-465F-B074-ED220D47BE02}"
	ProjectSection(ProjectDependencies) = postProject
		{D6D08E79-0C2D-4AF9-9183-924D44981629} = {D6D08E79-0C2D-4AF9-9183-924D44981629}
	EndProjectSection
EndProject
Project("{FAE04EC0-301F-11D3-BF4B-00C04F79EFBC}") = "DBWrapper", "DBWrapper\DBWrapper.csproj", "{D6D08E79-0C2D-4AF9-9183-924D44981629}"
	ProjectSection(ProjectDependencies) = postProject
		{A4280B12-6662-4C61-A62D-74DBA5418F85} = {A4280B12-6662-4C61-A62D-74DBA5418F85}
	EndProjectSection
EndProject
Project("{FAE04EC0-301F-11D3-BF4B-00C04F79EFBC}") = "WpfControlLibrary", "WpfControlLibrary\WpfControlLibrary.csproj", "{645F892F-94EB-44C0-8359-84E9E3ABD705}"
EndProject
Project("{FAE04EC0-301F-11D3-BF4B-00C04F79EFBC}") = "Updater", "Updater\Updater.csproj", "{B0D2F300-1628-49A6-837F-70AD69F97BD9}"
EndProject
Project("{FAE04EC0-301F-11D3-BF4B-00C04F79EFBC}") = "ReportLib", "ReportLib\ReportLib.csproj", "{7FAE4B19-8BAF-4D4B-B595-326B0E5D7E05}"
	ProjectSection(ProjectDependencies) = postProject
		{645F892F-94EB-44C0-8359-84E9E3ABD705} = {645F892F-94EB-44C0-8359-84E9E3ABD705}
		{B380D159-679E-465F-B074-ED220D47BE02} = {B380D159-679E-465F-B074-ED220D47BE02}
		{D6D08E79-0C2D-4AF9-9183-924D44981629} = {D6D08E79-0C2D-4AF9-9183-924D44981629}
	EndProjectSection
EndProject
Project("{FAE04EC0-301F-11D3-BF4B-00C04F79EFBC}") = "UtilsStatLib", "UtilsLib\UtilsStatLib.csproj", "{CA988F88-B832-4A04-B795-27CB67C2C396}"
	ProjectSection(ProjectDependencies) = postProject
		{645F892F-94EB-44C0-8359-84E9E3ABD705} = {645F892F-94EB-44C0-8359-84E9E3ABD705}
		{B380D159-679E-465F-B074-ED220D47BE02} = {B380D159-679E-465F-B074-ED220D47BE02}
		{D6D08E79-0C2D-4AF9-9183-924D44981629} = {D6D08E79-0C2D-4AF9-9183-924D44981629}
	EndProjectSection
EndProject
Project("{2150E333-8FDC-42A3-9474-1A3956D46DE8}") = "Solution Items", "Solution Items", "{A92F0341-E8C7-4B42-BA0D-54A8CF86E671}"
	ProjectSection(SolutionItems) = preProject
		update.xml = update.xml
	EndProjectSection
EndProject
Project("{FAE04EC0-301F-11D3-BF4B-00C04F79EFBC}") = "LogLibrary", "LogLibrary\LogLibrary.csproj", "{A4280B12-6662-4C61-A62D-74DBA5418F85}"
EndProject
Global
	GlobalSection(SolutionConfigurationPlatforms) = preSolution
		Debug|Any CPU = Debug|Any CPU
		Release|Any CPU = Release|Any CPU
	EndGlobalSection
	GlobalSection(ProjectConfigurationPlatforms) = postSolution
		{C96F76A1-90C3-4658-93A1-F87D536F93FF}.Debug|Any CPU.ActiveCfg = Debug|Any CPU
		{C96F76A1-90C3-4658-93A1-F87D536F93FF}.Debug|Any CPU.Build.0 = Debug|Any CPU
		{C96F76A1-90C3-4658-93A1-F87D536F93FF}.Release|Any CPU.ActiveCfg = Release|Any CPU
		{C96F76A1-90C3-4658-93A1-F87D536F93FF}.Release|Any CPU.Build.0 = Release|Any CPU
		{B380D159-679E-465F-B074-ED220D47BE02}.Debug|Any CPU.ActiveCfg = Debug|Any CPU
		{B380D159-679E-465F-B074-ED220D47BE02}.Debug|Any CPU.Build.0 = Debug|Any CPU
		{B380D159-679E-465F-B074-ED220D47BE02}.Release|Any CPU.ActiveCfg = Release|Any CPU
		{B380D159-679E-465F-B074-ED220D47BE02}.Release|Any CPU.Build.0 = Release|Any CPU
		{D6D08E79-0C2D-4AF9-9183-924D44981629}.Debug|Any CPU.ActiveCfg = Debug|Any CPU
		{D6D08E79-0C2D-4AF9-9183-924D44981629}.Debug|Any CPU.Build.0 = Debug|Any CPU
		{D6D08E79-0C2D-4AF9-9183-924D44981629}.Release|Any CPU.ActiveCfg = Release|Any CPU
		{D6D08E79-0C2D-4AF9-9183-924D44981629}.Release|Any CPU.Build.0 = Release|Any CPU
		{645F892F-94EB-44C0-8359-84E9E3ABD705}.Debug|Any CPU.ActiveCfg = Debug|Any CPU
		{645F892F-94EB-44C0-8359-84E9E3ABD705}.Debug|Any CPU.Build.0 = Debug|Any CPU
		{645F892F-94EB-44C0-8359-84E9E3ABD705}.Release|Any CPU.ActiveCfg = Release|Any CPU
		{645F892F-94EB-44C0-8359-84E9E3ABD705}.Release|Any CPU.Build.0 = Release|Any CPU
		{B0D2F300-1628-49A6-837F-70AD69F97BD9}.Debug|Any CPU.ActiveCfg = Debug|Any CPU
		{B0D2F300-1628-49A6-837F-70AD69F97BD9}.Debug|Any CPU.Build.0 = Debug|Any CPU
		{B0D2F300-1628-49A6-837F-70AD69F97BD9}.Release|Any CPU.ActiveCfg = Release|Any CPU
		{B0D2F300-1628-49A6-837F-70AD69F97BD9}.Release|Any CPU.Build.0 = Release|Any CPU
		{7FAE4B19-8BAF-4D4B-B595-326B0E5D7E05}.Debug|Any CPU.ActiveCfg = Debug|Any CPU
		{7FAE4B19-8BAF-4D4B-B595-326B0E5D7E05}.Debug|Any CPU.Build.0 = Debug|Any CPU
		{7FAE4B19-8BAF-4D4B-B595-326B0E5D7E05}.Release|Any CPU.ActiveCfg = Release|Any CPU
		{7FAE4B19-8BAF-4D4B-B595-326B0E5D7E05}.Release|Any CPU.Build.0 = Release|Any CPU
		{CA988F88-B832-4A04-B795-27CB67C2C396}.Debug|Any CPU.ActiveCfg = Debug|Any CPU
		{CA988F88-B832-4A04-B795-27CB67C2C396}.Debug|Any CPU.Build.0 = Debug|Any CPU
		{CA988F88-B832-4A04-B795-27CB67C2C396}.Release|Any CPU.ActiveCfg = Release|Any CPU
		{CA988F88-B832-4A04-B795-27CB67C2C396}.Release|Any CPU.Build.0 = Release|Any CPU
		{A4280B12-6662-4C61-A62D-74DBA5418F85}.Debug|Any CPU.ActiveCfg = Debug|Any CPU
		{A4280B12-6662-4C61-A62D-74DBA5418F85}.Debug|Any CPU.Build.0 = Debug|Any CPU
		{A4280B12-6662-4C61-A62D-74DBA5418F85}.Release|Any CPU.ActiveCfg = Release|Any CPU
		{A4280B12-6662-4C61-A62D-74DBA5418F85}.Release|Any CPU.Build.0 = Release|Any CPU
	EndGlobalSection
	GlobalSection(SolutionProperties) = preSolution
		HideSolutionNode = FALSE
	EndGlobalSection
	GlobalSection(ExtensibilityGlobals) = postSolution
		SolutionGuid = {3887F17E-C462-4D99-B74A-B6BA6344BB4F}
	EndGlobalSection
EndGlobal
